<?xml version="1.0" encoding="UTF-8" standalone="yes" ?>
<CodeBlocks_project_file>
	<FileVersion major="1" minor="6" />
	<Project>
		<Option title="Malloc_World_-_Freeing_of_the_dedicated_ram" />
		<Option pch_mode="2" />
		<Option compiler="gcc" />
		<Build>
			<Target title="Debug">
				<Option output="bin/Debug/Malloc_World_-_Freeing_of_the_dedicated_ram" prefix_auto="1" extension_auto="1" />
				<Option object_output="obj/Debug/" />
				<Option type="1" />
				<Option compiler="gcc" />
				<Compiler>
					<Add option="-g" />
				</Compiler>
			</Target>
			<Target title="Release">
				<Option output="bin/Release/Malloc_World_-_Freeing_of_the_dedicated_ram" prefix_auto="1" extension_auto="1" />
				<Option object_output="obj/Release/" />
				<Option type="1" />
				<Option compiler="gcc" />
				<Compiler>
					<Add option="-O2" />
				</Compiler>
				<Linker>
					<Add option="-s" />
				</Linker>
			</Target>
		</Build>
		<Compiler>
			<Add option="-Wall" />
		</Compiler>
		<Unit filename="headers/combat.h" />
		<Unit filename="headers/data.h" />
		<Unit filename="headers/header.h" />
		<Unit filename="headers/item.h" />
		<Unit filename="headers/map.h" />
		<Unit filename="headers/player.h" />
		<Unit filename="headers/ressource.h" />
		<Unit filename="sources/combat.c">
			<Option compilerVar="CC" />
		</Unit>
		<Unit filename="sources/data.c">
			<Option compilerVar="CC" />
		</Unit>
		<Unit filename="sources/item.c">
			<Option compilerVar="CC" />
		</Unit>
		<Unit filename="sources/main.c">
			<Option compilerVar="CC" />
		</Unit>
		<Unit filename="sources/map.c">
			<Option compilerVar="CC" />
		</Unit>
		<Unit filename="sources/menu.c">
			<Option compilerVar="CC" />
		</Unit>
		<Unit filename="sources/movement.c">
			<Option compilerVar="CC" />
		</Unit>
		<Unit filename="sources/player.c">
			<Option compilerVar="CC" />
		</Unit>
		<Unit filename="sources/pnj.c">
			<Option compilerVar="CC" />
		</Unit>
		<Unit filename="sources/ressource.c">
			<Option compilerVar="CC" />
		</Unit>
		<Extensions>
			<lib_finder disable_auto="1" />
		</Extensions>
	</Project>
</CodeBlocks_project_file>
